
Microsoft Visual Studio Solution File, Format Version 12.00
# Visual Studio Version 17
VisualStudioVersion = 17.1.32407.343
MinimumVisualStudioVersion = 10.0.40219.1
Project("{FAE04EC0-301F-11D3-BF4B-00C04F79EFBC}") = "Calculator", "Calculator\Calculator.csproj", "{F13AD72B-25D5-444A-AB4E-91DCCCA22691}"
EndProject
Global
	GlobalSection(SolutionConfigurationPlatforms) = preSolution
		Debug|Any CPU = Debug|Any CPU
		Release|Any CPU = Release|Any CPU
	EndGlobalSection
	GlobalSection(ProjectConfigurationPlatforms) = postSolution
		{F13AD72B-25D5-444A-AB4E-91DCCCA22691}.Debug|Any CPU.ActiveCfg = Debug|Any CPU
		{F13AD72B-25D5-444A-AB4E-91DCCCA22691}.Debug|Any CPU.Build.0 = Debug|Any CPU
		{F13AD72B-25D5-444A-AB4E-91DCCCA22691}.Release|Any CPU.ActiveCfg = Release|Any CPU
		{F13AD72B-25D5-444A-AB4E-91DCCCA22691}.Release|Any CPU.Build.0 = Release|Any CPU
	EndGlobalSection
	GlobalSection(SolutionProperties) = preSolution
		HideSolutionNode = FALSE
	EndGlobalSection
	GlobalSection(ExtensibilityGlobals) = postSolution
		SolutionGuid = {A8936C21-9BD8-4C9B-A099-C42153257745}
	EndGlobalSection
EndGlobal
